{
  "version": "5",
  "specifiers": {
    "jsr:@mary/array-fns@~0.1.4": "0.1.4",
    "npm:@atcute/bluesky@2": "2.0.0_@atcute+client@3.0.0",
    "npm:@atcute/client@3": "3.0.0",
    "npm:@atcute/identity@~0.1.3": "0.1.3",
    "npm:@badrap/valita@~0.4.3": "0.4.3",
    "npm:date-fns@^4.1.0": "4.1.0",
    "npm:p-map@^7.0.3": "7.0.3",
    "npm:partysocket@^1.1.5": "1.1.5",
    "npm:tldts@^6.1.85": "6.1.85"
  },
  "jsr": {
    "@mary/array-fns@0.1.4": {
      "integrity": "099462a2383e3721fa217bdb2c7aa1258356f1ad1e8dc0e1711283f605b842fb"
    }
  },
  "npm": {
    "@atcute/bluesky@2.0.0_@atcute+client@3.0.0": {
      "integrity": "sha512-G54WP8ribfH7dojidp6LJjNISauZr2AN9VxRi3k5XTLnT3S5l59e8l48psxTTv+GzBnY8u2GIHMlehBXt7X69A==",
      "dependencies": [
        "@atcute/client"
      ]
    },
    "@atcute/client@3.0.0": {
      "integrity": "sha512-6OsDqqkrqob/fMJ++s5vPc2MknQ6yfTzK+TY3MjXK3ZOkF0XseB5+QV1IiBWnEZ4X3aY21x2a3kv3YcvSQKxXQ=="
    },
    "@atcute/identity@0.1.3": {
      "integrity": "sha512-ndlD8nypHt8G00wixbozKdSNL0O8HTzBjFGEXeAcBUCXSZPBjRWbqtgyJxhgUWnr7swgxgw1mSbZwRB5b7xCiQ==",
      "dependencies": [
        "@badrap/valita"
      ]
    },
    "@badrap/valita@0.4.3": {
      "integrity": "sha512-C9iZSrVlTb610dxZ2oatK5LwefaHv0Q9eYfVDH3co846x7WinhCfc8jCDTE55yM8WxlmOfX2ckKmsSr7KzZ/gg=="
    },
    "date-fns@4.1.0": {
      "integrity": "sha512-Ukq0owbQXxa/U3EGtsdVBkR1w7KOQ5gIBqdH2hkvknzZPYvBxb/aa6E8L7tmjFtkwZBu3UXBbjIgPo/Ez4xaNg=="
    },
    "event-target-polyfill@0.0.4": {
      "integrity": "sha512-Gs6RLjzlLRdT8X9ZipJdIZI/Y6/HhRLyq9RdDlCsnpxr/+Nn6bU2EFGuC94GjxqhM+Nmij2Vcq98yoHrU8uNFQ=="
    },
    "p-map@7.0.3": {
      "integrity": "sha512-VkndIv2fIB99swvQoA65bm+fsmt6UNdGeIB0oxBs+WhAhdh08QA04JXpI7rbB9r08/nkbysKoya9rtDERYOYMA=="
    },
    "partysocket@1.1.5": {
      "integrity": "sha512-8uw9foq9bij4sKLCtTSHvyqMrMTQ5FJjrHc7BjoM2s95Vu7xYCN63ABpI7OZHC7ZMP5xaom/A+SsoFPXmTV6ZQ==",
      "dependencies": [
        "event-target-polyfill"
      ]
    },
    "tldts-core@6.1.85": {
      "integrity": "sha512-DTjUVvxckL1fIoPSb3KE7ISNtkWSawZdpfxGxwiIrZoO6EbHVDXXUIlIuWympPaeS+BLGyggozX/HTMsRAdsoA=="
    },
    "tldts@6.1.85": {
      "integrity": "sha512-gBdZ1RjCSevRPFix/hpaUWeak2/RNUZB4/8frF1r5uYMHjFptkiT0JXIebWvgI/0ZHXvxaUDDJshiA0j6GdL3w==",
      "dependencies": [
        "tldts-core"
      ],
      "bin": true
    }
  },
  "workspace": {
    "dependencies": [
      "jsr:@mary/array-fns@~0.1.4",
      "npm:@atcute/bluesky@2",
      "npm:@atcute/client@3",
      "npm:@atcute/identity@~0.1.3",
      "npm:@badrap/valita@~0.4.3",
      "npm:date-fns@^4.1.0",
      "npm:p-map@^7.0.3",
      "npm:partysocket@^1.1.5",
      "npm:tldts@^6.1.85"
    ]
  }
}
